<?xml version="1.0" encoding="utf-8"?>
<Project ToolsVersion="4.0" xmlns="http://schemas.microsoft.com/developer/msbuild/2003">
  <ItemGroup>
    <ClInclude Include="PlayLevel.h">
      <Filter>Level</Filter>
    </ClInclude>
    <ClInclude Include="MetalSlug3Core.h">
      <Filter>Core</Filter>
    </ClInclude>
    <ClInclude Include="Marco.h">
      <Filter>Object\Marco</Filter>
    </ClInclude>
    <ClInclude Include="CreateMarcoAnimation.h">
      <Filter>Object\Marco</Filter>
    </ClInclude>
    <ClInclude Include="CharacterSelect.h">
      <Filter>Level</Filter>
    </ClInclude>
    <ClInclude Include="Panel.h">
      <Filter>Object\CharacterSelect</Filter>
    </ClInclude>
    <ClInclude Include="MarcoPhoto.h">
      <Filter>Object\CharacterSelect</Filter>
    </ClInclude>
    <ClInclude Include="P1.h">
      <Filter>Object\CharacterSelect</Filter>
    </ClInclude>
    <ClInclude Include="ContentsHelper.h">
      <Filter>Object</Filter>
    </ClInclude>
    <ClInclude Include="BackGroundMap.h">
      <Filter>Object</Filter>
    </ClInclude>
    <ClInclude Include="TestLevel.h">
      <Filter>Level</Filter>
    </ClInclude>
    <ClInclude Include="HeavyMachineGunBullet.h">
      <Filter>Object\Projectile\PlayerProjectile</Filter>
    </ClInclude>
    <ClInclude Include="PistolBullet.h">
      <Filter>Object\Projectile\PlayerProjectile</Filter>
    </ClInclude>
    <ClInclude Include="Bomb.h">
      <Filter>Object\Projectile</Filter>
    </ClInclude>
    <ClInclude Include="Bullet.h">
      <Filter>Object\Projectile</Filter>
    </ClInclude>
    <ClInclude Include="Enemy.h">
      <Filter>Object\Enemy</Filter>
    </ClInclude>
    <ClInclude Include="ZombiesProjectile.h">
      <Filter>Object\Projectile\ZombieProjectile</Filter>
    </ClInclude>
    <ClInclude Include="Zombies.h">
      <Filter>Object\Enemy\Zombies</Filter>
    </ClInclude>
    <ClInclude Include="ManZombie1.h">
      <Filter>Object\Enemy\Zombies</Filter>
    </ClInclude>
    <ClInclude Include="ManZombie2.h">
      <Filter>Object\Enemy\Zombies</Filter>
    </ClInclude>
    <ClInclude Include="DoctorZombie.h">
      <Filter>Object\Enemy\Zombies</Filter>
    </ClInclude>
    <ClInclude Include="WomanZombie.h">
      <Filter>Object\Enemy\Zombies</Filter>
    </ClInclude>
    <ClInclude Include="UncleZombie.h">
      <Filter>Object\Enemy\Zombies</Filter>
    </ClInclude>
    <ClInclude Include="ZombieVomitProjectile.h">
      <Filter>Object\Projectile\PlayerProjectile</Filter>
    </ClInclude>
    <ClInclude Include="ManZombie3.h">
      <Filter>Object\Enemy\Zombies</Filter>
    </ClInclude>
    <ClInclude Include="UIBase.h">
      <Filter>Object\UI</Filter>
    </ClInclude>
    <ClInclude Include="Go.h">
      <Filter>Object\UI</Filter>
    </ClInclude>
    <ClInclude Include="ScreenCollision.h" />
    <ClInclude Include="Time.h">
      <Filter>Object\UI</Filter>
    </ClInclude>
    <ClInclude Include="StatusUI.h">
      <Filter>Object\UI</Filter>
    </ClInclude>
    <ClInclude Include="ScoreUI.h">
      <Filter>Object\UI</Filter>
    </ClInclude>
    <ClInclude Include="SlugEnergyBar.h">
      <Filter>Object\UI</Filter>
    </ClInclude>
    <ClInclude Include="LifeUI.h">
      <Filter>Object\UI</Filter>
    </ClInclude>
    <ClInclude Include="Human.h">
      <Filter>Object\NPC</Filter>
    </ClInclude>
    <ClInclude Include="Doctor.h">
      <Filter>Object\NPC</Filter>
    </ClInclude>
    <ClInclude Include="Man1.h">
      <Filter>Object\NPC</Filter>
    </ClInclude>
    <ClInclude Include="Man2.h">
      <Filter>Object\NPC</Filter>
    </ClInclude>
    <ClInclude Include="Woman.h">
      <Filter>Object\NPC</Filter>
    </ClInclude>
    <ClInclude Include="Uncle.h">
      <Filter>Object\NPC</Filter>
    </ClInclude>
    <ClInclude Include="CameraModeSwitch.h" />
    <ClInclude Include="SpawnManager.h">
      <Filter>Object</Filter>
    </ClInclude>
    <ClInclude Include="CameraManager.h" />
    <ClInclude Include="Soldier.h">
      <Filter>Object\Enemy\Solider</Filter>
    </ClInclude>
    <ClInclude Include="SoldierBomb.h">
      <Filter>Object\Projectile</Filter>
    </ClInclude>
    <ClInclude Include="Helicopter.h">
      <Filter>Object\Enemy\Helicopter</Filter>
    </ClInclude>
    <ClInclude Include="HelicopterBullet.h">
      <Filter>Object\Enemy\Helicopter</Filter>
    </ClInclude>
    <ClInclude Include="ManZombie3Projectile.h">
      <Filter>Object\Projectile\ZombieProjectile</Filter>
    </ClInclude>
    <ClInclude Include="LeaderHelicopter.h">
      <Filter>Object\Enemy\Helicopter</Filter>
    </ClInclude>
    <ClInclude Include="Van.h">
      <Filter>Object\Enemy\Van</Filter>
    </ClInclude>
    <ClInclude Include="ExplosionEffect.h">
      <Filter>Object\Effect</Filter>
    </ClInclude>
    <ClInclude Include="HugeExplosionEffect.h">
      <Filter>Object\Effect</Filter>
    </ClInclude>
    <ClInclude Include="EliteHelicopter.h">
      <Filter>Object\Enemy\Helicopter</Filter>
    </ClInclude>
    <ClInclude Include="EliteHelicopterProjectile.h">
      <Filter>Object\Enemy\Helicopter</Filter>
    </ClInclude>
    <ClInclude Include="HugeBombExplosionEffect.h">
      <Filter>Object\Effect</Filter>
    </ClInclude>
    <ClInclude Include="BombExplosionEffect.h">
      <Filter>Object\Effect</Filter>
    </ClInclude>
    <ClInclude Include="MT3Object.h" />
    <ClInclude Include="SoldierZombie.h">
      <Filter>Object\Enemy\Zombies</Filter>
    </ClInclude>
    <ClInclude Include="BackMap.h">
      <Filter>Object\Map</Filter>
    </ClInclude>
    <ClInclude Include="Front1.h">
      <Filter>Object\Map</Filter>
    </ClInclude>
    <ClInclude Include="Front2.h">
      <Filter>Object\Map</Filter>
    </ClInclude>
    <ClInclude Include="FrontMap.h">
      <Filter>Object\Map</Filter>
    </ClInclude>
    <ClInclude Include="BossMap.h">
      <Filter>Object\Map</Filter>
    </ClInclude>
    <ClInclude Include="MonoEyeCenter.h">
      <Filter>Object\Enemy\Boss\Phase1</Filter>
    </ClInclude>
    <ClInclude Include="MonoEyes.h">
      <Filter>Object\Enemy\Boss\Phase1</Filter>
    </ClInclude>
    <ClInclude Include="SphereConstructor.h">
      <Filter>Object\Enemy\Boss\Phase1</Filter>
    </ClInclude>
    <ClInclude Include="UnknownSphere.h">
      <Filter>Object\Enemy\Boss\Phase1</Filter>
    </ClInclude>
    <ClInclude Include="DeathBall.h">
      <Filter>Object\Enemy\Boss\Phase1</Filter>
    </ClInclude>
    <ClInclude Include="DeathBallExplosion.h">
      <Filter>Object\Enemy\Boss\Phase1</Filter>
    </ClInclude>
    <ClInclude Include="MonoEye_UFO.h">
      <Filter>Object\Enemy\Boss\Phase2</Filter>
    </ClInclude>
    <ClInclude Include="Laser.h">
      <Filter>Object\Enemy\Boss\Phase2</Filter>
    </ClInclude>
    <ClInclude Include="Monoliths.h">
      <Filter>Object\Enemy\Boss\Phase2</Filter>
    </ClInclude>
    <ClInclude Include="VomitLauncher.h">
      <Filter>Object\Projectile\PlayerProjectile</Filter>
    </ClInclude>
    <ClInclude Include="VomitExplosionEffect.h">
      <Filter>Object\Effect</Filter>
    </ClInclude>
    <ClInclude Include="POWs.h">
      <Filter>Object\NPC</Filter>
    </ClInclude>
  </ItemGroup>
  <ItemGroup>
    <ClCompile Include="PlayLevel.cpp">
      <Filter>Level</Filter>
    </ClCompile>
    <ClCompile Include="MetalSlug3Core.cpp">
      <Filter>Core</Filter>
    </ClCompile>
    <ClCompile Include="Marco.cpp">
      <Filter>Object\Marco</Filter>
    </ClCompile>
    <ClCompile Include="CharacterSelect.cpp">
      <Filter>Level</Filter>
    </ClCompile>
    <ClCompile Include="Panel.cpp">
      <Filter>Object\CharacterSelect</Filter>
    </ClCompile>
    <ClCompile Include="MarcoPhoto.cpp">
      <Filter>Object\CharacterSelect</Filter>
    </ClCompile>
    <ClCompile Include="P1.cpp">
      <Filter>Object\CharacterSelect</Filter>
    </ClCompile>
    <ClCompile Include="ContentsHelper.cpp">
      <Filter>Object</Filter>
    </ClCompile>
    <ClCompile Include="BackGroundMap.cpp">
      <Filter>Object</Filter>
    </ClCompile>
    <ClCompile Include="TestLevel.cpp">
      <Filter>Level</Filter>
    </ClCompile>
    <ClCompile Include="HeavyMachineGunBullet.cpp">
      <Filter>Object\Projectile\PlayerProjectile</Filter>
    </ClCompile>
    <ClCompile Include="PistolBullet.cpp">
      <Filter>Object\Projectile\PlayerProjectile</Filter>
    </ClCompile>
    <ClCompile Include="Bomb.cpp">
      <Filter>Object\Projectile</Filter>
    </ClCompile>
    <ClCompile Include="Bullet.cpp">
      <Filter>Object\Projectile</Filter>
    </ClCompile>
    <ClCompile Include="Enemy.cpp">
      <Filter>Object\Enemy</Filter>
    </ClCompile>
    <ClCompile Include="ZombiesProjectile.cpp">
      <Filter>Object\Projectile\ZombieProjectile</Filter>
    </ClCompile>
    <ClCompile Include="Zombies.cpp">
      <Filter>Object\Enemy\Zombies</Filter>
    </ClCompile>
    <ClCompile Include="ManZombie1.cpp">
      <Filter>Object\Enemy\Zombies</Filter>
    </ClCompile>
    <ClCompile Include="ManZombie2.cpp">
      <Filter>Object\Enemy\Zombies</Filter>
    </ClCompile>
    <ClCompile Include="DoctorZombie.cpp">
      <Filter>Object\Enemy\Zombies</Filter>
    </ClCompile>
    <ClCompile Include="WomanZombie.cpp">
      <Filter>Object\Enemy\Zombies</Filter>
    </ClCompile>
    <ClCompile Include="UncleZombie.cpp">
      <Filter>Object\Enemy\Zombies</Filter>
    </ClCompile>
    <ClCompile Include="ZombieVomitProjectile.cpp">
      <Filter>Object\Projectile\PlayerProjectile</Filter>
    </ClCompile>
    <ClCompile Include="ManZombie3.cpp">
      <Filter>Object\Enemy\Zombies</Filter>
    </ClCompile>
    <ClCompile Include="UIBase.cpp">
      <Filter>Object\UI</Filter>
    </ClCompile>
    <ClCompile Include="Go.cpp">
      <Filter>Object\UI</Filter>
    </ClCompile>
    <ClCompile Include="ScreenCollision.cpp" />
    <ClCompile Include="Time.cpp">
      <Filter>Object\UI</Filter>
    </ClCompile>
    <ClCompile Include="StatusUI.cpp">
      <Filter>Object\UI</Filter>
    </ClCompile>
    <ClCompile Include="ScoreUI.cpp">
      <Filter>Object\UI</Filter>
    </ClCompile>
    <ClCompile Include="SlugEnergyBar.cpp">
      <Filter>Object\UI</Filter>
    </ClCompile>
    <ClCompile Include="LifeUI.cpp">
      <Filter>Object\UI</Filter>
    </ClCompile>
    <ClCompile Include="Human.cpp">
      <Filter>Object\NPC</Filter>
    </ClCompile>
    <ClCompile Include="Doctor.cpp">
      <Filter>Object\NPC</Filter>
    </ClCompile>
    <ClCompile Include="Man1.cpp">
      <Filter>Object\NPC</Filter>
    </ClCompile>
    <ClCompile Include="Man2.cpp">
      <Filter>Object\NPC</Filter>
    </ClCompile>
    <ClCompile Include="Woman.cpp">
      <Filter>Object\NPC</Filter>
    </ClCompile>
    <ClCompile Include="Uncle.cpp">
      <Filter>Object\NPC</Filter>
    </ClCompile>
    <ClCompile Include="CameraModeSwitch.cpp" />
    <ClCompile Include="SpawnManager.cpp">
      <Filter>Object</Filter>
    </ClCompile>
    <ClCompile Include="CameraManager.cpp" />
    <ClCompile Include="Soldier.cpp">
      <Filter>Object\Enemy\Solider</Filter>
    </ClCompile>
    <ClCompile Include="SoldierBomb.cpp">
      <Filter>Object\Projectile</Filter>
    </ClCompile>
    <ClCompile Include="Helicopter.cpp">
      <Filter>Object\Enemy\Helicopter</Filter>
    </ClCompile>
    <ClCompile Include="HelicopterBullet.cpp">
      <Filter>Object\Enemy\Helicopter</Filter>
    </ClCompile>
    <ClCompile Include="ManZombie3Projectile.cpp">
      <Filter>Object\Projectile\ZombieProjectile</Filter>
    </ClCompile>
    <ClCompile Include="LeaderHelicopter.cpp">
      <Filter>Object\Enemy\Helicopter</Filter>
    </ClCompile>
    <ClCompile Include="Van.cpp">
      <Filter>Object\Enemy\Van</Filter>
    </ClCompile>
    <ClCompile Include="ExplosionEffect.cpp">
      <Filter>Object\Effect</Filter>
    </ClCompile>
    <ClCompile Include="HugeExplosionEffect.cpp">
      <Filter>Object\Effect</Filter>
    </ClCompile>
    <ClCompile Include="EliteHelicopter.cpp">
      <Filter>Object\Enemy\Helicopter</Filter>
    </ClCompile>
    <ClCompile Include="EliteHelicopterProjectile.cpp">
      <Filter>Object\Enemy\Helicopter</Filter>
    </ClCompile>
    <ClCompile Include="HugeBombExplosionEffect.cpp">
      <Filter>Object\Effect</Filter>
    </ClCompile>
    <ClCompile Include="BombExplosionEffect.cpp">
      <Filter>Object\Effect</Filter>
    </ClCompile>
    <ClCompile Include="MT3Object.cpp" />
    <ClCompile Include="SoldierZombie.cpp">
      <Filter>Object\Enemy\Zombies</Filter>
    </ClCompile>
    <ClCompile Include="BackMap.cpp">
      <Filter>Object\Map</Filter>
    </ClCompile>
    <ClCompile Include="Front1.cpp">
      <Filter>Object\Map</Filter>
    </ClCompile>
    <ClCompile Include="Front2.cpp">
      <Filter>Object\Map</Filter>
    </ClCompile>
    <ClCompile Include="FrontMap.cpp">
      <Filter>Object\Map</Filter>
    </ClCompile>
    <ClCompile Include="BossMap.cpp">
      <Filter>Object\Map</Filter>
    </ClCompile>
    <ClCompile Include="MonoEyeCenter.cpp">
      <Filter>Object\Enemy\Boss\Phase1</Filter>
    </ClCompile>
    <ClCompile Include="MonoEyes.cpp">
      <Filter>Object\Enemy\Boss\Phase1</Filter>
    </ClCompile>
    <ClCompile Include="SphereConstructor.cpp">
      <Filter>Object\Enemy\Boss\Phase1</Filter>
    </ClCompile>
    <ClCompile Include="UnknownSphere.cpp">
      <Filter>Object\Enemy\Boss\Phase1</Filter>
    </ClCompile>
    <ClCompile Include="DeathBall.cpp">
      <Filter>Object\Enemy\Boss\Phase1</Filter>
    </ClCompile>
    <ClCompile Include="DeathBallExplosion.cpp">
      <Filter>Object\Enemy\Boss\Phase1</Filter>
    </ClCompile>
    <ClCompile Include="MonoEye_UFO.cpp">
      <Filter>Object\Enemy\Boss\Phase2</Filter>
    </ClCompile>
    <ClCompile Include="Laser.cpp">
      <Filter>Object\Enemy\Boss\Phase2</Filter>
    </ClCompile>
    <ClCompile Include="Monoliths.cpp">
      <Filter>Object\Enemy\Boss\Phase2</Filter>
    </ClCompile>
    <ClCompile Include="VomitLauncher.cpp">
      <Filter>Object\Projectile\PlayerProjectile</Filter>
    </ClCompile>
    <ClCompile Include="VomitExplosionEffect.cpp">
      <Filter>Object\Effect</Filter>
    </ClCompile>
    <ClCompile Include="POWs.cpp">
      <Filter>Object\NPC</Filter>
    </ClCompile>
  </ItemGroup>
  <ItemGroup>
    <Filter Include="Level">
      <UniqueIdentifier>{4ff06e30-dcc8-4da7-95d7-43b06d404e45}</UniqueIdentifier>
    </Filter>
    <Filter Include="Core">
      <UniqueIdentifier>{3a70aa96-b91a-4c49-8c69-4d09f965b0a8}</UniqueIdentifier>
    </Filter>
    <Filter Include="Object">
      <UniqueIdentifier>{50f9e0a5-1cf1-48ad-8379-995adedf2cd0}</UniqueIdentifier>
    </Filter>
    <Filter Include="Object\Marco">
      <UniqueIdentifier>{e92d751d-3ed7-4c0c-8a1a-8023c1ff2528}</UniqueIdentifier>
    </Filter>
    <Filter Include="Object\CharacterSelect">
      <UniqueIdentifier>{2214c0ae-f3dc-465b-a7f8-66fc247c589c}</UniqueIdentifier>
    </Filter>
    <Filter Include="Object\Projectile">
      <UniqueIdentifier>{454ad945-6453-4b4f-9e6b-9b8a4893c9dd}</UniqueIdentifier>
    </Filter>
    <Filter Include="Object\Projectile\PlayerProjectile">
      <UniqueIdentifier>{4465dc4f-9081-43f2-8e00-2593b7890266}</UniqueIdentifier>
    </Filter>
    <Filter Include="Object\Enemy">
      <UniqueIdentifier>{b3133f5b-82a7-4131-8289-256ecddf75aa}</UniqueIdentifier>
    </Filter>
    <Filter Include="Object\Enemy\Zombies">
      <UniqueIdentifier>{c52819bf-1088-46a5-af6f-c3af9cbc95e1}</UniqueIdentifier>
    </Filter>
    <Filter Include="Object\Projectile\ZombieProjectile">
      <UniqueIdentifier>{630a9f00-4e88-4da0-93f3-bb1888bb29f3}</UniqueIdentifier>
    </Filter>
    <Filter Include="Object\UI">
      <UniqueIdentifier>{d8c09642-4670-445f-b7c7-a3c06452a6c4}</UniqueIdentifier>
    </Filter>
    <Filter Include="Object\NPC">
      <UniqueIdentifier>{a7e982d0-2272-4b72-a774-2af6c971d637}</UniqueIdentifier>
    </Filter>
    <Filter Include="Object\Enemy\Solider">
      <UniqueIdentifier>{9a991c7e-38b8-4f16-81fe-3dd8163a91d9}</UniqueIdentifier>
    </Filter>
    <Filter Include="Object\Enemy\Helicopter">
      <UniqueIdentifier>{9e8d0e4d-f1d7-434f-938f-22216f79b6da}</UniqueIdentifier>
    </Filter>
    <Filter Include="Object\Enemy\Van">
      <UniqueIdentifier>{c082232f-89c2-497d-b1c7-673ca39858dd}</UniqueIdentifier>
    </Filter>
    <Filter Include="Object\Effect">
      <UniqueIdentifier>{4230a5e0-2671-4111-9b49-5f9b3cc7091f}</UniqueIdentifier>
    </Filter>
    <Filter Include="Object\Map">
      <UniqueIdentifier>{5dc31ca5-19d0-4999-92d2-a4b96f092a72}</UniqueIdentifier>
    </Filter>
    <Filter Include="Object\Enemy\Boss">
      <UniqueIdentifier>{4138536b-fdb1-47cf-9f70-6df6738e0a49}</UniqueIdentifier>
    </Filter>
    <Filter Include="Object\Enemy\Boss\Phase1">
      <UniqueIdentifier>{e7d975ab-6cae-481f-8fd9-b2988a90eee4}</UniqueIdentifier>
    </Filter>
    <Filter Include="Object\Enemy\Boss\Phase2">
      <UniqueIdentifier>{6444869a-5e48-481a-b637-7a5f7b35e392}</UniqueIdentifier>
    </Filter>
  </ItemGroup>
</Project>