<?xml version="1.0" encoding="utf-8"?>
<Project ToolsVersion="4.0" xmlns="http://schemas.microsoft.com/developer/msbuild/2003">
  <ItemGroup>
    <ClInclude Include="PlayLevel.h">
      <Filter>Level</Filter>
    </ClInclude>
    <ClInclude Include="MetalSlug3Core.h">
      <Filter>Core</Filter>
    </ClInclude>
    <ClInclude Include="Marco.h">
      <Filter>Object\Marco</Filter>
    </ClInclude>
    <ClInclude Include="CreateMarcoAnimation.h">
      <Filter>Object\Marco</Filter>
    </ClInclude>
    <ClInclude Include="CharacterSelect.h">
      <Filter>Level</Filter>
    </ClInclude>
    <ClInclude Include="Panel.h">
      <Filter>Object\CharacterSelect</Filter>
    </ClInclude>
    <ClInclude Include="MarcoPhoto.h">
      <Filter>Object\CharacterSelect</Filter>
    </ClInclude>
    <ClInclude Include="P1.h">
      <Filter>Object\CharacterSelect</Filter>
    </ClInclude>
    <ClInclude Include="ContentsHelper.h">
      <Filter>Object</Filter>
    </ClInclude>
    <ClInclude Include="BackGroundMap.h">
      <Filter>Object</Filter>
    </ClInclude>
    <ClInclude Include="TestLevel.h">
      <Filter>Level</Filter>
    </ClInclude>
    <ClInclude Include="HeavyMachineGunBullet.h">
      <Filter>Object\Projectile\PlayerProjectile</Filter>
    </ClInclude>
    <ClInclude Include="PistolBullet.h">
      <Filter>Object\Projectile\PlayerProjectile</Filter>
    </ClInclude>
    <ClInclude Include="Bomb.h">
      <Filter>Object\Projectile</Filter>
    </ClInclude>
    <ClInclude Include="Bullet.h">
      <Filter>Object\Projectile</Filter>
    </ClInclude>
    <ClInclude Include="Enemy.h">
      <Filter>Object\Enemy</Filter>
    </ClInclude>
    <ClInclude Include="ZombiesProjectile.h">
      <Filter>Object\Projectile\ZombieProjectile</Filter>
    </ClInclude>
    <ClInclude Include="Zombies.h">
      <Filter>Object\Enemy\Zombies</Filter>
    </ClInclude>
    <ClInclude Include="ManZombie1.h">
      <Filter>Object\Enemy\Zombies</Filter>
    </ClInclude>
    <ClInclude Include="ManZombie2.h">
      <Filter>Object\Enemy\Zombies</Filter>
    </ClInclude>
    <ClInclude Include="DoctorZombie.h">
      <Filter>Object\Enemy\Zombies</Filter>
    </ClInclude>
    <ClInclude Include="WomanZombie.h">
      <Filter>Object\Enemy\Zombies</Filter>
    </ClInclude>
    <ClInclude Include="UncleZombie.h">
      <Filter>Object\Enemy\Zombies</Filter>
    </ClInclude>
    <ClInclude Include="ZombieVomitProjectile.h">
      <Filter>Object\Projectile\PlayerProjectile</Filter>
    </ClInclude>
    <ClInclude Include="FrontMap.h">
      <Filter>Object\FrontMap</Filter>
    </ClInclude>
    <ClInclude Include="Front1.h">
      <Filter>Object\FrontMap</Filter>
    </ClInclude>
    <ClInclude Include="Front2.h">
      <Filter>Object\FrontMap</Filter>
    </ClInclude>
    <ClInclude Include="ManZombie3.h">
      <Filter>Object\Enemy\Zombies</Filter>
    </ClInclude>
  </ItemGroup>
  <ItemGroup>
    <ClCompile Include="PlayLevel.cpp">
      <Filter>Level</Filter>
    </ClCompile>
    <ClCompile Include="MetalSlug3Core.cpp">
      <Filter>Core</Filter>
    </ClCompile>
    <ClCompile Include="Marco.cpp">
      <Filter>Object\Marco</Filter>
    </ClCompile>
    <ClCompile Include="CharacterSelect.cpp">
      <Filter>Level</Filter>
    </ClCompile>
    <ClCompile Include="Panel.cpp">
      <Filter>Object\CharacterSelect</Filter>
    </ClCompile>
    <ClCompile Include="MarcoPhoto.cpp">
      <Filter>Object\CharacterSelect</Filter>
    </ClCompile>
    <ClCompile Include="P1.cpp">
      <Filter>Object\CharacterSelect</Filter>
    </ClCompile>
    <ClCompile Include="ContentsHelper.cpp">
      <Filter>Object</Filter>
    </ClCompile>
    <ClCompile Include="BackGroundMap.cpp">
      <Filter>Object</Filter>
    </ClCompile>
    <ClCompile Include="TestLevel.cpp">
      <Filter>Level</Filter>
    </ClCompile>
    <ClCompile Include="HeavyMachineGunBullet.cpp">
      <Filter>Object\Projectile\PlayerProjectile</Filter>
    </ClCompile>
    <ClCompile Include="PistolBullet.cpp">
      <Filter>Object\Projectile\PlayerProjectile</Filter>
    </ClCompile>
    <ClCompile Include="Bomb.cpp">
      <Filter>Object\Projectile</Filter>
    </ClCompile>
    <ClCompile Include="Bullet.cpp">
      <Filter>Object\Projectile</Filter>
    </ClCompile>
    <ClCompile Include="Enemy.cpp">
      <Filter>Object\Enemy</Filter>
    </ClCompile>
    <ClCompile Include="ZombiesProjectile.cpp">
      <Filter>Object\Projectile\ZombieProjectile</Filter>
    </ClCompile>
    <ClCompile Include="Zombies.cpp">
      <Filter>Object\Enemy\Zombies</Filter>
    </ClCompile>
    <ClCompile Include="ManZombie1.cpp">
      <Filter>Object\Enemy\Zombies</Filter>
    </ClCompile>
    <ClCompile Include="ManZombie2.cpp">
      <Filter>Object\Enemy\Zombies</Filter>
    </ClCompile>
    <ClCompile Include="DoctorZombie.cpp">
      <Filter>Object\Enemy\Zombies</Filter>
    </ClCompile>
    <ClCompile Include="WomanZombie.cpp">
      <Filter>Object\Enemy\Zombies</Filter>
    </ClCompile>
    <ClCompile Include="UncleZombie.cpp">
      <Filter>Object\Enemy\Zombies</Filter>
    </ClCompile>
    <ClCompile Include="ZombieVomitProjectile.cpp">
      <Filter>Object\Projectile\PlayerProjectile</Filter>
    </ClCompile>
    <ClCompile Include="FrontMap.cpp">
      <Filter>Object\FrontMap</Filter>
    </ClCompile>
    <ClCompile Include="Front1.cpp">
      <Filter>Object\FrontMap</Filter>
    </ClCompile>
    <ClCompile Include="Front2.cpp">
      <Filter>Object\FrontMap</Filter>
    </ClCompile>
    <ClCompile Include="ManZombie3.cpp">
      <Filter>Object\Enemy\Zombies</Filter>
    </ClCompile>
  </ItemGroup>
  <ItemGroup>
    <Filter Include="Level">
      <UniqueIdentifier>{4ff06e30-dcc8-4da7-95d7-43b06d404e45}</UniqueIdentifier>
    </Filter>
    <Filter Include="Core">
      <UniqueIdentifier>{3a70aa96-b91a-4c49-8c69-4d09f965b0a8}</UniqueIdentifier>
    </Filter>
    <Filter Include="Object">
      <UniqueIdentifier>{50f9e0a5-1cf1-48ad-8379-995adedf2cd0}</UniqueIdentifier>
    </Filter>
    <Filter Include="Object\Marco">
      <UniqueIdentifier>{e92d751d-3ed7-4c0c-8a1a-8023c1ff2528}</UniqueIdentifier>
    </Filter>
    <Filter Include="Object\CharacterSelect">
      <UniqueIdentifier>{2214c0ae-f3dc-465b-a7f8-66fc247c589c}</UniqueIdentifier>
    </Filter>
    <Filter Include="Object\Projectile">
      <UniqueIdentifier>{454ad945-6453-4b4f-9e6b-9b8a4893c9dd}</UniqueIdentifier>
    </Filter>
    <Filter Include="Object\Projectile\PlayerProjectile">
      <UniqueIdentifier>{4465dc4f-9081-43f2-8e00-2593b7890266}</UniqueIdentifier>
    </Filter>
    <Filter Include="Object\Enemy">
      <UniqueIdentifier>{b3133f5b-82a7-4131-8289-256ecddf75aa}</UniqueIdentifier>
    </Filter>
    <Filter Include="Object\Projectile\ZombieProjectile">
      <UniqueIdentifier>{630a9f00-4e88-4da0-93f3-bb1888bb29f3}</UniqueIdentifier>
    </Filter>
    <Filter Include="Object\Enemy\Zombies">
      <UniqueIdentifier>{c52819bf-1088-46a5-af6f-c3af9cbc95e1}</UniqueIdentifier>
    </Filter>
    <Filter Include="Object\FrontMap">
      <UniqueIdentifier>{3f4d57cd-c6b4-44a9-8736-75636c39bffe}</UniqueIdentifier>
    </Filter>
  </ItemGroup>
</Project>